
Microsoft Visual Studio Solution File, Format Version 12.00
# Visual Studio Version 16
VisualStudioVersion = 16.0.32228.343
MinimumVisualStudioVersion = 10.0.40219.1
Project("{9A19103F-16F7-4668-BE54-9A1E7A4F7556}") = "Calculator.Core", "Calculator.Core\Calculator.Core.csproj", "{BB914890-4AE3-4380-8160-5C8FA6D8CE82}"
EndProject
Project("{9A19103F-16F7-4668-BE54-9A1E7A4F7556}") = "Calculator.Core.Tests", "Calculator.Core.Tests\Calculator.Core.Tests.csproj", "{1D17B9E7-C142-4A43-878E-034B8F32B570}"
EndProject
Project("{9A19103F-16F7-4668-BE54-9A1E7A4F7556}") = "AccountManagement.Tests", "AccountManagement.Tests\AccountManagement.Tests.csproj", "{CCEACF5B-BD65-4B0F-9988-D56E628DD17A}"
EndProject
Project("{9A19103F-16F7-4668-BE54-9A1E7A4F7556}") = "AccountManagement", "AccountManagement\AccountManagement.csproj", "{62657410-A649-450F-8CBE-04922B69D092}"
EndProject
Global
	GlobalSection(SolutionConfigurationPlatforms) = preSolution
		Debug|Any CPU = Debug|Any CPU
		Release|Any CPU = Release|Any CPU
	EndGlobalSection
	GlobalSection(ProjectConfigurationPlatforms) = postSolution
		{BB914890-4AE3-4380-8160-5C8FA6D8CE82}.Debug|Any CPU.ActiveCfg = Debug|Any CPU
		{BB914890-4AE3-4380-8160-5C8FA6D8CE82}.Debug|Any CPU.Build.0 = Debug|Any CPU
		{BB914890-4AE3-4380-8160-5C8FA6D8CE82}.Release|Any CPU.ActiveCfg = Release|Any CPU
		{BB914890-4AE3-4380-8160-5C8FA6D8CE82}.Release|Any CPU.Build.0 = Release|Any CPU
		{1D17B9E7-C142-4A43-878E-034B8F32B570}.Debug|Any CPU.ActiveCfg = Debug|Any CPU
		{1D17B9E7-C142-4A43-878E-034B8F32B570}.Debug|Any CPU.Build.0 = Debug|Any CPU
		{1D17B9E7-C142-4A43-878E-034B8F32B570}.Release|Any CPU.ActiveCfg = Release|Any CPU
		{1D17B9E7-C142-4A43-878E-034B8F32B570}.Release|Any CPU.Build.0 = Release|Any CPU
		{CCEACF5B-BD65-4B0F-9988-D56E628DD17A}.Debug|Any CPU.ActiveCfg = Debug|Any CPU
		{CCEACF5B-BD65-4B0F-9988-D56E628DD17A}.Debug|Any CPU.Build.0 = Debug|Any CPU
		{CCEACF5B-BD65-4B0F-9988-D56E628DD17A}.Release|Any CPU.ActiveCfg = Release|Any CPU
		{CCEACF5B-BD65-4B0F-9988-D56E628DD17A}.Release|Any CPU.Build.0 = Release|Any CPU
		{62657410-A649-450F-8CBE-04922B69D092}.Debug|Any CPU.ActiveCfg = Debug|Any CPU
		{62657410-A649-450F-8CBE-04922B69D092}.Debug|Any CPU.Build.0 = Debug|Any CPU
		{62657410-A649-450F-8CBE-04922B69D092}.Release|Any CPU.ActiveCfg = Release|Any CPU
		{62657410-A649-450F-8CBE-04922B69D092}.Release|Any CPU.Build.0 = Release|Any CPU
	EndGlobalSection
	GlobalSection(SolutionProperties) = preSolution
		HideSolutionNode = FALSE
	EndGlobalSection
	GlobalSection(ExtensibilityGlobals) = postSolution
		SolutionGuid = {9EB34950-8255-4F3C-A1DE-6190A414DBE0}
	EndGlobalSection
EndGlobal
